// !$*UTF8*$!
{
	archiveVersion = 1;
	classes = {
	};
	objectVersion = 55;
	objects = {

/* Begin PBXBuildFile section */
		1B00C260286CE2190078FBE8 /* ViewController2.swift in Sources */ = {isa = PBXBuildFile; fileRef = 1B00C25F286CE2190078FBE8 /* ViewController2.swift */; };
		1B01ED23286BA270002F73C4 /* AppDelegate.swift in Sources */ = {isa = PBXBuildFile; fileRef = 1B01ED22286BA270002F73C4 /* AppDelegate.swift */; };
		1B01ED25286BA270002F73C4 /* SceneDelegate.swift in Sources */ = {isa = PBXBuildFile; fileRef = 1B01ED24286BA270002F73C4 /* SceneDelegate.swift */; };
		1B01ED27286BA270002F73C4 /* ViewController.swift in Sources */ = {isa = PBXBuildFile; fileRef = 1B01ED26286BA270002F73C4 /* ViewController.swift */; };
		1B01ED2A286BA270002F73C4 /* Main.storyboard in Resources */ = {isa = PBXBuildFile; fileRef = 1B01ED28286BA270002F73C4 /* Main.storyboard */; };
		1B01ED2D286BA270002F73C4 /* Jot.xcdatamodeld in Sources */ = {isa = PBXBuildFile; fileRef = 1B01ED2B286BA270002F73C4 /* Jot.xcdatamodeld */; };
		1B01ED2F286BA274002F73C4 /* Assets.xcassets in Resources */ = {isa = PBXBuildFile; fileRef = 1B01ED2E286BA274002F73C4 /* Assets.xcassets */; };
		1B01ED32286BA274002F73C4 /* LaunchScreen.storyboard in Resources */ = {isa = PBXBuildFile; fileRef = 1B01ED30286BA274002F73C4 /* LaunchScreen.storyboard */; };
		1B01ED3D286BA274002F73C4 /* JotTests.swift in Sources */ = {isa = PBXBuildFile; fileRef = 1B01ED3C286BA274002F73C4 /* JotTests.swift */; };
		1B01ED47286BA274002F73C4 /* JotUITests.swift in Sources */ = {isa = PBXBuildFile; fileRef = 1B01ED46286BA274002F73C4 /* JotUITests.swift */; };
		1B01ED49286BA274002F73C4 /* JotUITestsLaunchTests.swift in Sources */ = {isa = PBXBuildFile; fileRef = 1B01ED48286BA274002F73C4 /* JotUITestsLaunchTests.swift */; };
		1B01ED56286C0086002F73C4 /* petMap.swift in Sources */ = {isa = PBXBuildFile; fileRef = 1B01ED55286C0086002F73C4 /* petMap.swift */; };
		1B2F14B4286DF62100B876F7 /* HumanMapViewController.swift in Sources */ = {isa = PBXBuildFile; fileRef = 1B2F14B3286DF62100B876F7 /* HumanMapViewController.swift */; };
		1B2F14B8286E020700B876F7 /* HomePagePetViewController.swift in Sources */ = {isa = PBXBuildFile; fileRef = 1B2F14B7286E020700B876F7 /* HomePagePetViewController.swift */; };
/* End PBXBuildFile section */

/* Begin PBXContainerItemProxy section */
		1B01ED39286BA274002F73C4 /* PBXContainerItemProxy */ = {
			isa = PBXContainerItemProxy;
			containerPortal = 1B01ED17286BA26F002F73C4 /* Project object */;
			proxyType = 1;
			remoteGlobalIDString = 1B01ED1E286BA270002F73C4;
			remoteInfo = Jot;
		};
		1B01ED43286BA274002F73C4 /* PBXContainerItemProxy */ = {
			isa = PBXContainerItemProxy;
			containerPortal = 1B01ED17286BA26F002F73C4 /* Project object */;
			proxyType = 1;
			remoteGlobalIDString = 1B01ED1E286BA270002F73C4;
			remoteInfo = Jot;
		};
/* End PBXContainerItemProxy section */

/* Begin PBXFileReference section */
		1B00C25F286CE2190078FBE8 /* ViewController2.swift */ = {isa = PBXFileReference; lastKnownFileType = sourcecode.swift; path = ViewController2.swift; sourceTree = "<group>"; };
		1B01ED1F286BA270002F73C4 /* Jot.app */ = {isa = PBXFileReference; explicitFileType = wrapper.application; includeInIndex = 0; path = Jot.app; sourceTree = BUILT_PRODUCTS_DIR; };
		1B01ED22286BA270002F73C4 /* AppDelegate.swift */ = {isa = PBXFileReference; lastKnownFileType = sourcecode.swift; path = AppDelegate.swift; sourceTree = "<group>"; };
		1B01ED24286BA270002F73C4 /* SceneDelegate.swift */ = {isa = PBXFileReference; lastKnownFileType = sourcecode.swift; path = SceneDelegate.swift; sourceTree = "<group>"; };
		1B01ED26286BA270002F73C4 /* ViewController.swift */ = {isa = PBXFileReference; lastKnownFileType = sourcecode.swift; path = ViewController.swift; sourceTree = "<group>"; };
		1B01ED29286BA270002F73C4 /* Base */ = {isa = PBXFileReference; lastKnownFileType = file.storyboard; name = Base; path = Base.lproj/Main.storyboard; sourceTree = "<group>"; };
		1B01ED2C286BA270002F73C4 /* Jot.xcdatamodel */ = {isa = PBXFileReference; lastKnownFileType = wrapper.xcdatamodel; path = Jot.xcdatamodel; sourceTree = "<group>"; };
		1B01ED2E286BA274002F73C4 /* Assets.xcassets */ = {isa = PBXFileReference; lastKnownFileType = folder.assetcatalog; path = Assets.xcassets; sourceTree = "<group>"; };
		1B01ED31286BA274002F73C4 /* Base */ = {isa = PBXFileReference; lastKnownFileType = file.storyboard; name = Base; path = Base.lproj/LaunchScreen.storyboard; sourceTree = "<group>"; };
		1B01ED33286BA274002F73C4 /* Info.plist */ = {isa = PBXFileReference; lastKnownFileType = text.plist.xml; path = Info.plist; sourceTree = "<group>"; };
		1B01ED38286BA274002F73C4 /* JotTests.xctest */ = {isa = PBXFileReference; explicitFileType = wrapper.cfbundle; includeInIndex = 0; path = JotTests.xctest; sourceTree = BUILT_PRODUCTS_DIR; };
		1B01ED3C286BA274002F73C4 /* JotTests.swift */ = {isa = PBXFileReference; lastKnownFileType = sourcecode.swift; path = JotTests.swift; sourceTree = "<group>"; };
		1B01ED42286BA274002F73C4 /* JotUITests.xctest */ = {isa = PBXFileReference; explicitFileType = wrapper.cfbundle; includeInIndex = 0; path = JotUITests.xctest; sourceTree = BUILT_PRODUCTS_DIR; };
		1B01ED46286BA274002F73C4 /* JotUITests.swift */ = {isa = PBXFileReference; lastKnownFileType = sourcecode.swift; path = JotUITests.swift; sourceTree = "<group>"; };
		1B01ED48286BA274002F73C4 /* JotUITestsLaunchTests.swift */ = {isa = PBXFileReference; lastKnownFileType = sourcecode.swift; path = JotUITestsLaunchTests.swift; sourceTree = "<group>"; };
		1B01ED55286C0086002F73C4 /* petMap.swift */ = {isa = PBXFileReference; lastKnownFileType = sourcecode.swift; path = petMap.swift; sourceTree = "<group>"; };
		1B2F14B3286DF62100B876F7 /* HumanMapViewController.swift */ = {isa = PBXFileReference; lastKnownFileType = sourcecode.swift; path = HumanMapViewController.swift; sourceTree = "<group>"; };
		1B2F14B7286E020700B876F7 /* HomePagePetViewController.swift */ = {isa = PBXFileReference; lastKnownFileType = sourcecode.swift; path = HomePagePetViewController.swift; sourceTree = "<group>"; };
/* End PBXFileReference section */

/* Begin PBXFrameworksBuildPhase section */
		1B01ED1C286BA270002F73C4 /* Frameworks */ = {
			isa = PBXFrameworksBuildPhase;
			buildActionMask = 2147483647;
			files = (
			);
			runOnlyForDeploymentPostprocessing = 0;
		};
		1B01ED35286BA274002F73C4 /* Frameworks */ = {
			isa = PBXFrameworksBuildPhase;
			buildActionMask = 2147483647;
			files = (
			);
			runOnlyForDeploymentPostprocessing = 0;
		};
		1B01ED3F286BA274002F73C4 /* Frameworks */ = {
			isa = PBXFrameworksBuildPhase;
			buildActionMask = 2147483647;
			files = (
			);
			runOnlyForDeploymentPostprocessing = 0;
		};
/* End PBXFrameworksBuildPhase section */

/* Begin PBXGroup section */
		1B01ED16286BA26F002F73C4 = {
			isa = PBXGroup;
			children = (
				1B01ED21286BA270002F73C4 /* Jot */,
				1B01ED3B286BA274002F73C4 /* JotTests */,
				1B01ED45286BA274002F73C4 /* JotUITests */,
				1B01ED20286BA270002F73C4 /* Products */,
			);
			sourceTree = "<group>";
		};
		1B01ED20286BA270002F73C4 /* Products */ = {
			isa = PBXGroup;
			children = (
				1B01ED1F286BA270002F73C4 /* Jot.app */,
				1B01ED38286BA274002F73C4 /* JotTests.xctest */,
				1B01ED42286BA274002F73C4 /* JotUITests.xctest */,
			);
			name = Products;
			sourceTree = "<group>";
		};
		1B01ED21286BA270002F73C4 /* Jot */ = {
			isa = PBXGroup;
			children = (
				1B01ED22286BA270002F73C4 /* AppDelegate.swift */,
				1B01ED24286BA270002F73C4 /* SceneDelegate.swift */,
				1B01ED26286BA270002F73C4 /* ViewController.swift */,
				1B01ED28286BA270002F73C4 /* Main.storyboard */,
				1B2F14B7286E020700B876F7 /* HomePagePetViewController.swift */,
				1B2F14B3286DF62100B876F7 /* HumanMapViewController.swift */,
				1B00C25F286CE2190078FBE8 /* ViewController2.swift */,
				1B01ED55286C0086002F73C4 /* petMap.swift */,
				1B01ED2E286BA274002F73C4 /* Assets.xcassets */,
				1B01ED30286BA274002F73C4 /* LaunchScreen.storyboard */,
				1B01ED33286BA274002F73C4 /* Info.plist */,
				1B01ED2B286BA270002F73C4 /* Jot.xcdatamodeld */,
			);
			path = Jot;
			sourceTree = "<group>";
		};
		1B01ED3B286BA274002F73C4 /* JotTests */ = {
			isa = PBXGroup;
			children = (
				1B01ED3C286BA274002F73C4 /* JotTests.swift */,
			);
			path = JotTests;
			sourceTree = "<group>";
		};
		1B01ED45286BA274002F73C4 /* JotUITests */ = {
			isa = PBXGroup;
			children = (
				1B01ED46286BA274002F73C4 /* JotUITests.swift */,
				1B01ED48286BA274002F73C4 /* JotUITestsLaunchTests.swift */,
			);
			path = JotUITests;
			sourceTree = "<group>";
		};
/* End PBXGroup section */

/* Begin PBXNativeTarget section */
		1B01ED1E286BA270002F73C4 /* Jot */ = {
			isa = PBXNativeTarget;
			buildConfigurationList = 1B01ED4C286BA274002F73C4 /* Build configuration list for PBXNativeTarget "Jot" */;
			buildPhases = (
				1B01ED1B286BA270002F73C4 /* Sources */,
				1B01ED1C286BA270002F73C4 /* Frameworks */,
				1B01ED1D286BA270002F73C4 /* Resources */,
			);
			buildRules = (
			);
			dependencies = (
			);
			name = Jot;
			productName = Jot;
			productReference = 1B01ED1F286BA270002F73C4 /* Jot.app */;
			productType = "com.apple.product-type.application";
		};
		1B01ED37286BA274002F73C4 /* JotTests */ = {
			isa = PBXNativeTarget;
			buildConfigurationList = 1B01ED4F286BA274002F73C4 /* Build configuration list for PBXNativeTarget "JotTests" */;
			buildPhases = (
				1B01ED34286BA274002F73C4 /* Sources */,
				1B01ED35286BA274002F73C4 /* Frameworks */,
				1B01ED36286BA274002F73C4 /* Resources */,
			);
			buildRules = (
			);
			dependencies = (
				1B01ED3A286BA274002F73C4 /* PBXTargetDependency */,
			);
			name = JotTests;
			productName = JotTests;
			productReference = 1B01ED38286BA274002F73C4 /* JotTests.xctest */;
			productType = "com.apple.product-type.bundle.unit-test";
		};
		1B01ED41286BA274002F73C4 /* JotUITests */ = {
			isa = PBXNativeTarget;
			buildConfigurationList = 1B01ED52286BA274002F73C4 /* Build configuration list for PBXNativeTarget "JotUITests" */;
			buildPhases = (
				1B01ED3E286BA274002F73C4 /* Sources */,
				1B01ED3F286BA274002F73C4 /* Frameworks */,
				1B01ED40286BA274002F73C4 /* Resources */,
			);
			buildRules = (
			);
			dependencies = (
				1B01ED44286BA274002F73C4 /* PBXTargetDependency */,
			);
			name = JotUITests;
			productName = JotUITests;
			productReference = 1B01ED42286BA274002F73C4 /* JotUITests.xctest */;
			productType = "com.apple.product-type.bundle.ui-testing";
		};
/* End PBXNativeTarget section */

/* Begin PBXProject section */
		1B01ED17286BA26F002F73C4 /* Project object */ = {
			isa = PBXProject;
			attributes = {
				BuildIndependentTargetsInParallel = 1;
				LastSwiftUpdateCheck = 1340;
				LastUpgradeCheck = 1340;
				TargetAttributes = {
					1B01ED1E286BA270002F73C4 = {
						CreatedOnToolsVersion = 13.4.1;
					};
					1B01ED37286BA274002F73C4 = {
						CreatedOnToolsVersion = 13.4.1;
						TestTargetID = 1B01ED1E286BA270002F73C4;
					};
					1B01ED41286BA274002F73C4 = {
						CreatedOnToolsVersion = 13.4.1;
						TestTargetID = 1B01ED1E286BA270002F73C4;
					};
				};
			};
			buildConfigurationList = 1B01ED1A286BA26F002F73C4 /* Build configuration list for PBXProject "Jot" */;
			compatibilityVersion = "Xcode 13.0";
			developmentRegion = en;
			hasScannedForEncodings = 0;
			knownRegions = (
				en,
				Base,
			);
			mainGroup = 1B01ED16286BA26F002F73C4;
			productRefGroup = 1B01ED20286BA270002F73C4 /* Products */;
			projectDirPath = "";
			projectRoot = "";
			targets = (
				1B01ED1E286BA270002F73C4 /* Jot */,
				1B01ED37286BA274002F73C4 /* JotTests */,
				1B01ED41286BA274002F73C4 /* JotUITests */,
			);
		};
/* End PBXProject section */

/* Begin PBXResourcesBuildPhase section */
		1B01ED1D286BA270002F73C4 /* Resources */ = {
			isa = PBXResourcesBuildPhase;
			buildActionMask = 2147483647;
			files = (
				1B01ED32286BA274002F73C4 /* LaunchScreen.storyboard in Resources */,
				1B01ED2F286BA274002F73C4 /* Assets.xcassets in Resources */,
				1B01ED2A286BA270002F73C4 /* Main.storyboard in Resources */,
			);
			runOnlyForDeploymentPostprocessing = 0;
		};
		1B01ED36286BA274002F73C4 /* Resources */ = {
			isa = PBXResourcesBuildPhase;
			buildActionMask = 2147483647;
			files = (
			);
			runOnlyForDeploymentPostprocessing = 0;
		};
		1B01ED40286BA274002F73C4 /* Resources */ = {
			isa = PBXResourcesBuildPhase;
			buildActionMask = 2147483647;
			files = (
			);
			runOnlyForDeploymentPostprocessing = 0;
		};
/* End PBXResourcesBuildPhase section */

/* Begin PBXSourcesBuildPhase section */
		1B01ED1B286BA270002F73C4 /* Sources */ = {
			isa = PBXSourcesBuildPhase;
			buildActionMask = 2147483647;
			files = (
				1B2F14B8286E020700B876F7 /* HomePagePetViewController.swift in Sources */,
				1B2F14B4286DF62100B876F7 /* HumanMapViewController.swift in Sources */,
				1B01ED27286BA270002F73C4 /* ViewController.swift in Sources */,
				1B01ED2D286BA270002F73C4 /* Jot.xcdatamodeld in Sources */,
				1B01ED23286BA270002F73C4 /* AppDelegate.swift in Sources */,
				1B01ED56286C0086002F73C4 /* petMap.swift in Sources */,
				1B01ED25286BA270002F73C4 /* SceneDelegate.swift in Sources */,
				1B00C260286CE2190078FBE8 /* ViewController2.swift in Sources */,
			);
			runOnlyForDeploymentPostprocessing = 0;
		};
		1B01ED34286BA274002F73C4 /* Sources */ = {
			isa = PBXSourcesBuildPhase;
			buildActionMask = 2147483647;
			files = (
				1B01ED3D286BA274002F73C4 /* JotTests.swift in Sources */,
			);
			runOnlyForDeploymentPostprocessing = 0;
		};
		1B01ED3E286BA274002F73C4 /* Sources */ = {
			isa = PBXSourcesBuildPhase;
			buildActionMask = 2147483647;
			files = (
				1B01ED49286BA274002F73C4 /* JotUITestsLaunchTests.swift in Sources */,
				1B01ED47286BA274002F73C4 /* JotUITests.swift in Sources */,
			);
			runOnlyForDeploymentPostprocessing = 0;
		};
/* End PBXSourcesBuildPhase section */

/* Begin PBXTargetDependency section */
		1B01ED3A286BA274002F73C4 /* PBXTargetDependency */ = {
			isa = PBXTargetDependency;
			target = 1B01ED1E286BA270002F73C4 /* Jot */;
			targetProxy = 1B01ED39286BA274002F73C4 /* PBXContainerItemProxy */;
		};
		1B01ED44286BA274002F73C4 /* PBXTargetDependency */ = {
			isa = PBXTargetDependency;
			target = 1B01ED1E286BA270002F73C4 /* Jot */;
			targetProxy = 1B01ED43286BA274002F73C4 /* PBXContainerItemProxy */;
		};
/* End PBXTargetDependency section */

/* Begin PBXVariantGroup section */
		1B01ED28286BA270002F73C4 /* Main.storyboard */ = {
			isa = PBXVariantGroup;
			children = (
				1B01ED29286BA270002F73C4 /* Base */,
			);
			name = Main.storyboard;
			sourceTree = "<group>";
		};
		1B01ED30286BA274002F73C4 /* LaunchScreen.storyboard */ = {
			isa = PBXVariantGroup;
			children = (
				1B01ED31286BA274002F73C4 /* Base */,
			);
			name = LaunchScreen.storyboard;
			sourceTree = "<group>";
		};
/* End PBXVariantGroup section */

/* Begin XCBuildConfiguration section */
		1B01ED4A286BA274002F73C4 /* Debug */ = {
			isa = XCBuildConfiguration;
			buildSettings = {
				ALWAYS_SEARCH_USER_PATHS = NO;
				CLANG_ANALYZER_NONNULL = YES;
				CLANG_ANALYZER_NUMBER_OBJECT_CONVERSION = YES_AGGRESSIVE;
				CLANG_CXX_LANGUAGE_STANDARD = "gnu++17";
				CLANG_ENABLE_MODULES = YES;
				CLANG_ENABLE_OBJC_ARC = YES;
				CLANG_ENABLE_OBJC_WEAK = YES;
				CLANG_WARN_BLOCK_CAPTURE_AUTORELEASING = YES;
				CLANG_WARN_BOOL_CONVERSION = YES;
				CLANG_WARN_COMMA = YES;
				CLANG_WARN_CONSTANT_CONVERSION = YES;
				CLANG_WARN_DEPRECATED_OBJC_IMPLEMENTATIONS = YES;
				CLANG_WARN_DIRECT_OBJC_ISA_USAGE = YES_ERROR;
				CLANG_WARN_DOCUMENTATION_COMMENTS = YES;
				CLANG_WARN_EMPTY_BODY = YES;
				CLANG_WARN_ENUM_CONVERSION = YES;
				CLANG_WARN_INFINITE_RECURSION = YES;
				CLANG_WARN_INT_CONVERSION = YES;
				CLANG_WARN_NON_LITERAL_NULL_CONVERSION = YES;
				CLANG_WARN_OBJC_IMPLICIT_RETAIN_SELF = YES;
				CLANG_WARN_OBJC_LITERAL_CONVERSION = YES;
				CLANG_WARN_OBJC_ROOT_CLASS = YES_ERROR;
				CLANG_WARN_QUOTED_INCLUDE_IN_FRAMEWORK_HEADER = YES;
				CLANG_WARN_RANGE_LOOP_ANALYSIS = YES;
				CLANG_WARN_STRICT_PROTOTYPES = YES;
				CLANG_WARN_SUSPICIOUS_MOVE = YES;
				CLANG_WARN_UNGUARDED_AVAILABILITY = YES_AGGRESSIVE;
				CLANG_WARN_UNREACHABLE_CODE = YES;
				CLANG_WARN__DUPLICATE_METHOD_MATCH = YES;
				COPY_PHASE_STRIP = NO;
				DEBUG_INFORMATION_FORMAT = dwarf;
				ENABLE_STRICT_OBJC_MSGSEND = YES;
				ENABLE_TESTABILITY = YES;
				GCC_C_LANGUAGE_STANDARD = gnu11;
				GCC_DYNAMIC_NO_PIC = NO;
				GCC_NO_COMMON_BLOCKS = YES;
				GCC_OPTIMIZATION_LEVEL = 0;
				GCC_PREPROCESSOR_DEFINITIONS = (
					"DEBUG=1",
					"$(inherited)",
				);
				GCC_WARN_64_TO_32_BIT_CONVERSION = YES;
				GCC_WARN_ABOUT_RETURN_TYPE = YES_ERROR;
				GCC_WARN_UNDECLARED_SELECTOR = YES;
				GCC_WARN_UNINITIALIZED_AUTOS = YES_AGGRESSIVE;
				GCC_WARN_UNUSED_FUNCTION = YES;
				GCC_WARN_UNUSED_VARIABLE = YES;
				IPHONEOS_DEPLOYMENT_TARGET = 15.5;
				MTL_ENABLE_DEBUG_INFO = INCLUDE_SOURCE;
				MTL_FAST_MATH = YES;
				ONLY_ACTIVE_ARCH = YES;
				SDKROOT = iphoneos;
				SWIFT_ACTIVE_COMPILATION_CONDITIONS = DEBUG;
				SWIFT_OPTIMIZATION_LEVEL = "-Onone";
			};
			name = Debug;
		};
		1B01ED4B286BA274002F73C4 /* Release */ = {
			isa = XCBuildConfiguration;
			buildSettings = {
				ALWAYS_SEARCH_USER_PATHS = NO;
				CLANG_ANALYZER_NONNULL = YES;
				CLANG_ANALYZER_NUMBER_OBJECT_CONVERSION = YES_AGGRESSIVE;
				CLANG_CXX_LANGUAGE_STANDARD = "gnu++17";
				CLANG_ENABLE_MODULES = YES;
				CLANG_ENABLE_OBJC_ARC = YES;
				CLANG_ENABLE_OBJC_WEAK = YES;
				CLANG_WARN_BLOCK_CAPTURE_AUTORELEASING = YES;
				CLANG_WARN_BOOL_CONVERSION = YES;
				CLANG_WARN_COMMA = YES;
				CLANG_WARN_CONSTANT_CONVERSION = YES;
				CLANG_WARN_DEPRECATED_OBJC_IMPLEMENTATIONS = YES;
				CLANG_WARN_DIRECT_OBJC_ISA_USAGE = YES_ERROR;
				CLANG_WARN_DOCUMENTATION_COMMENTS = YES;
				CLANG_WARN_EMPTY_BODY = YES;
				CLANG_WARN_ENUM_CONVERSION = YES;
				CLANG_WARN_INFINITE_RECURSION = YES;
				CLANG_WARN_INT_CONVERSION = YES;
				CLANG_WARN_NON_LITERAL_NULL_CONVERSION = YES;
				CLANG_WARN_OBJC_IMPLICIT_RETAIN_SELF = YES;
				CLANG_WARN_OBJC_LITERAL_CONVERSION = YES;
				CLANG_WARN_OBJC_ROOT_CLASS = YES_ERROR;
				CLANG_WARN_QUOTED_INCLUDE_IN_FRAMEWORK_HEADER = YES;
				CLANG_WARN_RANGE_LOOP_ANALYSIS = YES;
				CLANG_WARN_STRICT_PROTOTYPES = YES;
				CLANG_WARN_SUSPICIOUS_MOVE = YES;
				CLANG_WARN_UNGUARDED_AVAILABILITY = YES_AGGRESSIVE;
				CLANG_WARN_UNREACHABLE_CODE = YES;
				CLANG_WARN__DUPLICATE_METHOD_MATCH = YES;
				COPY_PHASE_STRIP = NO;
				DEBUG_INFORMATION_FORMAT = "dwarf-with-dsym";
				ENABLE_NS_ASSERTIONS = NO;
				ENABLE_STRICT_OBJC_MSGSEND = YES;
				GCC_C_LANGUAGE_STANDARD = gnu11;
				GCC_NO_COMMON_BLOCKS = YES;
				GCC_WARN_64_TO_32_BIT_CONVERSION = YES;
				GCC_WARN_ABOUT_RETURN_TYPE = YES_ERROR;
				GCC_WARN_UNDECLARED_SELECTOR = YES;
				GCC_WARN_UNINITIALIZED_AUTOS = YES_AGGRESSIVE;
				GCC_WARN_UNUSED_FUNCTION = YES;
				GCC_WARN_UNUSED_VARIABLE = YES;
				IPHONEOS_DEPLOYMENT_TARGET = 15.5;
				MTL_ENABLE_DEBUG_INFO = NO;
				MTL_FAST_MATH = YES;
				SDKROOT = iphoneos;
				SWIFT_COMPILATION_MODE = wholemodule;
				SWIFT_OPTIMIZATION_LEVEL = "-O";
				VALIDATE_PRODUCT = YES;
			};
			name = Release;
		};
		1B01ED4D286BA274002F73C4 /* Debug */ = {
			isa = XCBuildConfiguration;
			buildSettings = {
				ASSETCATALOG_COMPILER_APPICON_NAME = AppIcon;
				ASSETCATALOG_COMPILER_GLOBAL_ACCENT_COLOR_NAME = AccentColor;
				CODE_SIGN_STYLE = Automatic;
				CURRENT_PROJECT_VERSION = 1;
				DEVELOPMENT_TEAM = C87L54QCVL;
				GENERATE_INFOPLIST_FILE = YES;
				INFOPLIST_FILE = Jot/Info.plist;
				INFOPLIST_KEY_UIApplicationSupportsIndirectInputEvents = YES;
				INFOPLIST_KEY_UILaunchStoryboardName = LaunchScreen;
				INFOPLIST_KEY_UIMainStoryboardFile = Main;
				INFOPLIST_KEY_UISupportedInterfaceOrientations_iPad = "UIInterfaceOrientationPortrait UIInterfaceOrientationPortraitUpsideDown UIInterfaceOrientationLandscapeLeft UIInterfaceOrientationLandscapeRight";
				INFOPLIST_KEY_UISupportedInterfaceOrientations_iPhone = "UIInterfaceOrientationPortrait UIInterfaceOrientationLandscapeLeft UIInterfaceOrientationLandscapeRight";
				LD_RUNPATH_SEARCH_PATHS = (
					"$(inherited)",
					"@executable_path/Frameworks",
				);
				MARKETING_VERSION = 1.0;
				PRODUCT_BUNDLE_IDENTIFIER = KodeWithKlossy.Jot;
				PRODUCT_NAME = "$(TARGET_NAME)";
				SWIFT_EMIT_LOC_STRINGS = YES;
				SWIFT_VERSION = 5.0;
				TARGETED_DEVICE_FAMILY = "1,2";
			};
			name = Debug;
		};
		1B01ED4E286BA274002F73C4 /* Release */ = {
			isa = XCBuildConfiguration;
			buildSettings = {
				ASSETCATALOG_COMPILER_APPICON_NAME = AppIcon;
				ASSETCATALOG_COMPILER_GLOBAL_ACCENT_COLOR_NAME = AccentColor;
				CODE_SIGN_STYLE = Automatic;
				CURRENT_PROJECT_VERSION = 1;
				DEVELOPMENT_TEAM = C87L54QCVL;
				GENERATE_INFOPLIST_FILE = YES;
				INFOPLIST_FILE = Jot/Info.plist;
				INFOPLIST_KEY_UIApplicationSupportsIndirectInputEvents = YES;
				INFOPLIST_KEY_UILaunchStoryboardName = LaunchScreen;
				INFOPLIST_KEY_UIMainStoryboardFile = Main;
				INFOPLIST_KEY_UISupportedInterfaceOrientations_iPad = "UIInterfaceOrientationPortrait UIInterfaceOrientationPortraitUpsideDown UIInterfaceOrientationLandscapeLeft UIInterfaceOrientationLandscapeRight";
				INFOPLIST_KEY_UISupportedInterfaceOrientations_iPhone = "UIInterfaceOrientationPortrait UIInterfaceOrientationLandscapeLeft UIInterfaceOrientationLandscapeRight";
				LD_RUNPATH_SEARCH_PATHS = (
					"$(inherited)",
					"@executable_path/Frameworks",
				);
				MARKETING_VERSION = 1.0;
				PRODUCT_BUNDLE_IDENTIFIER = KodeWithKlossy.Jot;
				PRODUCT_NAME = "$(TARGET_NAME)";
				SWIFT_EMIT_LOC_STRINGS = YES;
				SWIFT_VERSION = 5.0;
				TARGETED_DEVICE_FAMILY = "1,2";
			};
			name = Release;
		};
		1B01ED50286BA274002F73C4 /* Debug */ = {
			isa = XCBuildConfiguration;
			buildSettings = {
				ALWAYS_EMBED_SWIFT_STANDARD_LIBRARIES = YES;
				BUNDLE_LOADER = "$(TEST_HOST)";
				CODE_SIGN_STYLE = Automatic;
				CURRENT_PROJECT_VERSION = 1;
				DEVELOPMENT_TEAM = C87L54QCVL;
				GENERATE_INFOPLIST_FILE = YES;
				IPHONEOS_DEPLOYMENT_TARGET = 15.5;
				MARKETING_VERSION = 1.0;
				PRODUCT_BUNDLE_IDENTIFIER = KodeWithKlossy.JotTests;
				PRODUCT_NAME = "$(TARGET_NAME)";
				SWIFT_EMIT_LOC_STRINGS = NO;
				SWIFT_VERSION = 5.0;
				TARGETED_DEVICE_FAMILY = "1,2";
				TEST_HOST = "$(BUILT_PRODUCTS_DIR)/Jot.app/Jot";
			};
			name = Debug;
		};
		1B01ED51286BA274002F73C4 /* Release */ = {
			isa = XCBuildConfiguration;
			buildSettings = {
				ALWAYS_EMBED_SWIFT_STANDARD_LIBRARIES = YES;
				BUNDLE_LOADER = "$(TEST_HOST)";
				CODE_SIGN_STYLE = Automatic;
				CURRENT_PROJECT_VERSION = 1;
				DEVELOPMENT_TEAM = C87L54QCVL;
				GENERATE_INFOPLIST_FILE = YES;
				IPHONEOS_DEPLOYMENT_TARGET = 15.5;
				MARKETING_VERSION = 1.0;
				PRODUCT_BUNDLE_IDENTIFIER = KodeWithKlossy.JotTests;
				PRODUCT_NAME = "$(TARGET_NAME)";
				SWIFT_EMIT_LOC_STRINGS = NO;
				SWIFT_VERSION = 5.0;
				TARGETED_DEVICE_FAMILY = "1,2";
				TEST_HOST = "$(BUILT_PRODUCTS_DIR)/Jot.app/Jot";
			};
			name = Release;
		};
		1B01ED53286BA274002F73C4 /* Debug */ = {
			isa = XCBuildConfiguration;
			buildSettings = {
				ALWAYS_EMBED_SWIFT_STANDARD_LIBRARIES = YES;
				CODE_SIGN_STYLE = Automatic;
				CURRENT_PROJECT_VERSION = 1;
				DEVELOPMENT_TEAM = C87L54QCVL;
				GENERATE_INFOPLIST_FILE = YES;
				MARKETING_VERSION = 1.0;
				PRODUCT_BUNDLE_IDENTIFIER = KodeWithKlossy.JotUITests;
				PRODUCT_NAME = "$(TARGET_NAME)";
				SWIFT_EMIT_LOC_STRINGS = NO;
				SWIFT_VERSION = 5.0;
				TARGETED_DEVICE_FAMILY = "1,2";
				TEST_TARGET_NAME = Jot;
			};
			name = Debug;
		};
		1B01ED54286BA274002F73C4 /* Release */ = {
			isa = XCBuildConfiguration;
			buildSettings = {
				ALWAYS_EMBED_SWIFT_STANDARD_LIBRARIES = YES;
				CODE_SIGN_STYLE = Automatic;
				CURRENT_PROJECT_VERSION = 1;
				DEVELOPMENT_TEAM = C87L54QCVL;
				GENERATE_INFOPLIST_FILE = YES;
				MARKETING_VERSION = 1.0;
				PRODUCT_BUNDLE_IDENTIFIER = KodeWithKlossy.JotUITests;
				PRODUCT_NAME = "$(TARGET_NAME)";
				SWIFT_EMIT_LOC_STRINGS = NO;
				SWIFT_VERSION = 5.0;
				TARGETED_DEVICE_FAMILY = "1,2";
				TEST_TARGET_NAME = Jot;
			};
			name = Release;
		};
/* End XCBuildConfiguration section */

/* Begin XCConfigurationList section */
		1B01ED1A286BA26F002F73C4 /* Build configuration list for PBXProject "Jot" */ = {
			isa = XCConfigurationList;
			buildConfigurations = (
				1B01ED4A286BA274002F73C4 /* Debug */,
				1B01ED4B286BA274002F73C4 /* Release */,
			);
			defaultConfigurationIsVisible = 0;
			defaultConfigurationName = Release;
		};
		1B01ED4C286BA274002F73C4 /* Build configuration list for PBXNativeTarget "Jot" */ = {
			isa = XCConfigurationList;
			buildConfigurations = (
				1B01ED4D286BA274002F73C4 /* Debug */,
				1B01ED4E286BA274002F73C4 /* Release */,
			);
			defaultConfigurationIsVisible = 0;
			defaultConfigurationName = Release;
		};
		1B01ED4F286BA274002F73C4 /* Build configuration list for PBXNativeTarget "JotTests" */ = {
			isa = XCConfigurationList;
			buildConfigurations = (
				1B01ED50286BA274002F73C4 /* Debug */,
				1B01ED51286BA274002F73C4 /* Release */,
			);
			defaultConfigurationIsVisible = 0;
			defaultConfigurationName = Release;
		};
		1B01ED52286BA274002F73C4 /* Build configuration list for PBXNativeTarget "JotUITests" */ = {
			isa = XCConfigurationList;
			buildConfigurations = (
				1B01ED53286BA274002F73C4 /* Debug */,
				1B01ED54286BA274002F73C4 /* Release */,
			);
			defaultConfigurationIsVisible = 0;
			defaultConfigurationName = Release;
		};
/* End XCConfigurationList section */

/* Begin XCVersionGroup section */
		1B01ED2B286BA270002F73C4 /* Jot.xcdatamodeld */ = {
			isa = XCVersionGroup;
			children = (
				1B01ED2C286BA270002F73C4 /* Jot.xcdatamodel */,
			);
			currentVersion = 1B01ED2C286BA270002F73C4 /* Jot.xcdatamodel */;
			path = Jot.xcdatamodeld;
			sourceTree = "<group>";
			versionGroupType = wrapper.xcdatamodel;
		};
/* End XCVersionGroup section */
	};
	rootObject = 1B01ED17286BA26F002F73C4 /* Project object */;
}
